{
  "name": "edge-router",
  "version": "1.0.0",
  "lockfileVersion": 3,
  "requires": true,
  "packages": {
    "": {
      "name": "edge-router",
      "version": "1.0.0",
      "license": "MIT",
      "devDependencies": {
        "wrangler": "^3.78.0"
      }
    },
    "node_modules/wrangler": {
      "version": "3.78.0",
      "resolved": "https://registry.npmjs.org/wrangler/-/wrangler-3.78.0.tgz",
      "dev": true,
      "bin": {
        "wrangler": "bin/wrangler.js",
        "wrangler2": "bin/wrangler.js"
      },
      "engines": {
        "node": ">=16.17.0"
      },
      "optionalDependencies": {
        "fsevents": "~2.3.3"
      }
    },
    "node_modules/fsevents": {
      "version": "2.3.3",
      "resolved": "https://registry.npmjs.org/fsevents/-/fsevents-2.3.3.tgz",
      "dev": true,
      "optional": true,
      "os": [
        "darwin"
      ],
      "engines": {
        "node": "^8.16.0 || ^10.6.0 || >=11.0.0"
      }
    }
  }
}
